
Microsoft Visual Studio Solution File, Format Version 12.00
# Visual Studio Version 17
VisualStudioVersion = 17.7.34202.233
MinimumVisualStudioVersion = 10.0.40219.1
Project("{FAE04EC0-301F-11D3-BF4B-00C04F79EFBC}") = "knowledgeCheck2", "knowledgeCheck2\knowledgeCheck2.csproj", "{499B667A-3184-4603-AA7C-FBB5A9F75AE2}"
EndProject
Global
	GlobalSection(SolutionConfigurationPlatforms) = preSolution
		Debug|Any CPU = Debug|Any CPU
		Release|Any CPU = Release|Any CPU
	EndGlobalSection
	GlobalSection(ProjectConfigurationPlatforms) = postSolution
		{499B667A-3184-4603-AA7C-FBB5A9F75AE2}.Debug|Any CPU.ActiveCfg = Debug|Any CPU
		{499B667A-3184-4603-AA7C-FBB5A9F75AE2}.Debug|Any CPU.Build.0 = Debug|Any CPU
		{499B667A-3184-4603-AA7C-FBB5A9F75AE2}.Release|Any CPU.ActiveCfg = Release|Any CPU
		{499B667A-3184-4603-AA7C-FBB5A9F75AE2}.Release|Any CPU.Build.0 = Release|Any CPU
	EndGlobalSection
	GlobalSection(SolutionProperties) = preSolution
		HideSolutionNode = FALSE
	EndGlobalSection
	GlobalSection(ExtensibilityGlobals) = postSolution
		SolutionGuid = {FD0F1234-CD8B-4438-8F54-528ACD324068}
	EndGlobalSection
EndGlobal
